{
  "name": "todash-demo",
  "version": "1.0.0",
  "lockfileVersion": 1,
  "requires": true,
  "dependencies": {
    "todash": {
      "version": "1.0.1",
      "resolved": "https://registry.npmjs.org/todash/-/todash-1.0.1.tgz",
      "integrity": "sha512-YUdF3qOHHW30bcA9I+1Ou75voGx0aP906PD1OgX/WRbKnZzNnLVabi0045xd+ehqrpRHmNy5nf8ZSEvlI1H8Hg==",
      "dev": true
    }
  }
}
